
Microsoft Visual Studio Solution File, Format Version 12.00
# Visual Studio Version 16
VisualStudioVersion = 16.0.29905.134
MinimumVisualStudioVersion = 10.0.40219.1
Project("{FAE04EC0-301F-11D3-BF4B-00C04F79EFBC}") = "PartesCampAPI", "PartesCampAPI\PartesCampAPI.csproj", "{1671571B-5394-4585-A0B6-CB56611E8142}"
EndProject
Global
	GlobalSection(SolutionConfigurationPlatforms) = preSolution
		Debug|Any CPU = Debug|Any CPU
		Release|Any CPU = Release|Any CPU
	EndGlobalSection
	GlobalSection(ProjectConfigurationPlatforms) = postSolution
		{1671571B-5394-4585-A0B6-CB56611E8142}.Debug|Any CPU.ActiveCfg = Debug|Any CPU
		{1671571B-5394-4585-A0B6-CB56611E8142}.Debug|Any CPU.Build.0 = Debug|Any CPU
		{1671571B-5394-4585-A0B6-CB56611E8142}.Release|Any CPU.ActiveCfg = Release|Any CPU
		{1671571B-5394-4585-A0B6-CB56611E8142}.Release|Any CPU.Build.0 = Release|Any CPU
	EndGlobalSection
	GlobalSection(SolutionProperties) = preSolution
		HideSolutionNode = FALSE
	EndGlobalSection
	GlobalSection(ExtensibilityGlobals) = postSolution
		SolutionGuid = {D7E4989D-5BB1-4DBD-993E-5A7211D8BFE0}
	EndGlobalSection
EndGlobal
